// !$*UTF8*$!
{
	archiveVersion = 1;
	classes = {
	};
	objectVersion = 46;
	objects = {

/* Begin PBXBuildFile section */
		185CD5EC186A2C2B00464607 /* Foundation.framework in Frameworks */ = {isa = PBXBuildFile; fileRef = 185CD5EB186A2C2B00464607 /* Foundation.framework */; };
		185CD5EE186A2C2B00464607 /* CoreGraphics.framework in Frameworks */ = {isa = PBXBuildFile; fileRef = 185CD5ED186A2C2B00464607 /* CoreGraphics.framework */; };
		185CD5F0186A2C2B00464607 /* UIKit.framework in Frameworks */ = {isa = PBXBuildFile; fileRef = 185CD5EF186A2C2B00464607 /* UIKit.framework */; };
		185CD5F6186A2C2B00464607 /* InfoPlist.strings in Resources */ = {isa = PBXBuildFile; fileRef = 185CD5F4186A2C2B00464607 /* InfoPlist.strings */; };
		185CD5F8186A2C2B00464607 /* main.m in Sources */ = {isa = PBXBuildFile; fileRef = 185CD5F7186A2C2B00464607 /* main.m */; };
		185CD5FC186A2C2B00464607 /* AppDelegate.m in Sources */ = {isa = PBXBuildFile; fileRef = 185CD5FB186A2C2B00464607 /* AppDelegate.m */; };
		185CD5FF186A2C2B00464607 /* Main.storyboard in Resources */ = {isa = PBXBuildFile; fileRef = 185CD5FD186A2C2B00464607 /* Main.storyboard */; };
		185CD602186A2C2B00464607 /* GoogleTTSExample.m in Sources */ = {isa = PBXBuildFile; fileRef = 185CD601186A2C2B00464607 /* GoogleTTSExample.m */; };
		185CD604186A2C2B00464607 /* Images.xcassets in Resources */ = {isa = PBXBuildFile; fileRef = 185CD603186A2C2B00464607 /* Images.xcassets */; };
		185CD60B186A2C2B00464607 /* XCTest.framework in Frameworks */ = {isa = PBXBuildFile; fileRef = 185CD60A186A2C2B00464607 /* XCTest.framework */; };
		185CD60C186A2C2B00464607 /* Foundation.framework in Frameworks */ = {isa = PBXBuildFile; fileRef = 185CD5EB186A2C2B00464607 /* Foundation.framework */; };
		185CD60D186A2C2B00464607 /* UIKit.framework in Frameworks */ = {isa = PBXBuildFile; fileRef = 185CD5EF186A2C2B00464607 /* UIKit.framework */; };
		185CD615186A2C2B00464607 /* InfoPlist.strings in Resources */ = {isa = PBXBuildFile; fileRef = 185CD613186A2C2B00464607 /* InfoPlist.strings */; };
		185CD617186A2C2B00464607 /* GoogleTTSTests.m in Sources */ = {isa = PBXBuildFile; fileRef = 185CD616186A2C2B00464607 /* GoogleTTSTests.m */; };
		185CD624186A2E3C00464607 /* AVFoundation.framework in Frameworks */ = {isa = PBXBuildFile; fileRef = 185CD623186A2E3C00464607 /* AVFoundation.framework */; };
		185CD626186A337A00464607 /* AudioToolbox.framework in Frameworks */ = {isa = PBXBuildFile; fileRef = 185CD625186A337A00464607 /* AudioToolbox.framework */; };
		18854C65186A34E200FDB337 /* GoogleTTS.m in Sources */ = {isa = PBXBuildFile; fileRef = 18854C64186A34E200FDB337 /* GoogleTTS.m */; };
/* End PBXBuildFile section */

/* Begin PBXContainerItemProxy section */
		185CD60E186A2C2B00464607 /* PBXContainerItemProxy */ = {
			isa = PBXContainerItemProxy;
			containerPortal = 185CD5E0186A2C2B00464607 /* Project object */;
			proxyType = 1;
			remoteGlobalIDString = 185CD5E7186A2C2B00464607;
			remoteInfo = GoogleTTS;
		};
/* End PBXContainerItemProxy section */

/* Begin PBXFileReference section */
		185CD5E8186A2C2B00464607 /* GoogleTTS.app */ = {isa = PBXFileReference; explicitFileType = wrapper.application; includeInIndex = 0; path = GoogleTTS.app; sourceTree = BUILT_PRODUCTS_DIR; };
		185CD5EB186A2C2B00464607 /* Foundation.framework */ = {isa = PBXFileReference; lastKnownFileType = wrapper.framework; name = Foundation.framework; path = System/Library/Frameworks/Foundation.framework; sourceTree = SDKROOT; };
		185CD5ED186A2C2B00464607 /* CoreGraphics.framework */ = {isa = PBXFileReference; lastKnownFileType = wrapper.framework; name = CoreGraphics.framework; path = System/Library/Frameworks/CoreGraphics.framework; sourceTree = SDKROOT; };
		185CD5EF186A2C2B00464607 /* UIKit.framework */ = {isa = PBXFileReference; lastKnownFileType = wrapper.framework; name = UIKit.framework; path = System/Library/Frameworks/UIKit.framework; sourceTree = SDKROOT; };
		185CD5F3186A2C2B00464607 /* GoogleTTS-Info.plist */ = {isa = PBXFileReference; lastKnownFileType = text.plist.xml; path = "GoogleTTS-Info.plist"; sourceTree = "<group>"; };
		185CD5F5186A2C2B00464607 /* en */ = {isa = PBXFileReference; lastKnownFileType = text.plist.strings; name = en; path = en.lproj/InfoPlist.strings; sourceTree = "<group>"; };
		185CD5F7186A2C2B00464607 /* main.m */ = {isa = PBXFileReference; lastKnownFileType = sourcecode.c.objc; path = main.m; sourceTree = "<group>"; };
		185CD5F9186A2C2B00464607 /* GoogleTTS-Prefix.pch */ = {isa = PBXFileReference; lastKnownFileType = sourcecode.c.h; path = "GoogleTTS-Prefix.pch"; sourceTree = "<group>"; };
		185CD5FA186A2C2B00464607 /* AppDelegate.h */ = {isa = PBXFileReference; lastKnownFileType = sourcecode.c.h; path = AppDelegate.h; sourceTree = "<group>"; };
		185CD5FB186A2C2B00464607 /* AppDelegate.m */ = {isa = PBXFileReference; lastKnownFileType = sourcecode.c.objc; path = AppDelegate.m; sourceTree = "<group>"; };
		185CD5FE186A2C2B00464607 /* Base */ = {isa = PBXFileReference; lastKnownFileType = file.storyboard; name = Base; path = Base.lproj/Main.storyboard; sourceTree = "<group>"; };
		185CD600186A2C2B00464607 /* GoogleTTSExample.h */ = {isa = PBXFileReference; lastKnownFileType = sourcecode.c.h; path = GoogleTTSExample.h; sourceTree = "<group>"; };
		185CD601186A2C2B00464607 /* GoogleTTSExample.m */ = {isa = PBXFileReference; lastKnownFileType = sourcecode.c.objc; path = GoogleTTSExample.m; sourceTree = "<group>"; };
		185CD603186A2C2B00464607 /* Images.xcassets */ = {isa = PBXFileReference; lastKnownFileType = folder.assetcatalog; path = Images.xcassets; sourceTree = "<group>"; };
		185CD609186A2C2B00464607 /* GoogleTTSTests.xctest */ = {isa = PBXFileReference; explicitFileType = wrapper.cfbundle; includeInIndex = 0; path = GoogleTTSTests.xctest; sourceTree = BUILT_PRODUCTS_DIR; };
		185CD60A186A2C2B00464607 /* XCTest.framework */ = {isa = PBXFileReference; lastKnownFileType = wrapper.framework; name = XCTest.framework; path = Library/Frameworks/XCTest.framework; sourceTree = DEVELOPER_DIR; };
		185CD612186A2C2B00464607 /* GoogleTTSTests-Info.plist */ = {isa = PBXFileReference; lastKnownFileType = text.plist.xml; path = "GoogleTTSTests-Info.plist"; sourceTree = "<group>"; };
		185CD614186A2C2B00464607 /* en */ = {isa = PBXFileReference; lastKnownFileType = text.plist.strings; name = en; path = en.lproj/InfoPlist.strings; sourceTree = "<group>"; };
		185CD616186A2C2B00464607 /* GoogleTTSTests.m */ = {isa = PBXFileReference; lastKnownFileType = sourcecode.c.objc; path = GoogleTTSTests.m; sourceTree = "<group>"; };
		185CD623186A2E3C00464607 /* AVFoundation.framework */ = {isa = PBXFileReference; lastKnownFileType = wrapper.framework; name = AVFoundation.framework; path = System/Library/Frameworks/AVFoundation.framework; sourceTree = SDKROOT; };
		185CD625186A337A00464607 /* AudioToolbox.framework */ = {isa = PBXFileReference; lastKnownFileType = wrapper.framework; name = AudioToolbox.framework; path = System/Library/Frameworks/AudioToolbox.framework; sourceTree = SDKROOT; };
		18854C63186A34E200FDB337 /* GoogleTTS.h */ = {isa = PBXFileReference; fileEncoding = 4; lastKnownFileType = sourcecode.c.h; path = GoogleTTS.h; sourceTree = SOURCE_ROOT; };
		18854C64186A34E200FDB337 /* GoogleTTS.m */ = {isa = PBXFileReference; fileEncoding = 4; lastKnownFileType = sourcecode.c.objc; path = GoogleTTS.m; sourceTree = SOURCE_ROOT; };
/* End PBXFileReference section */

/* Begin PBXFrameworksBuildPhase section */
		185CD5E5186A2C2B00464607 /* Frameworks */ = {
			isa = PBXFrameworksBuildPhase;
			buildActionMask = 2147483647;
			files = (
				185CD626186A337A00464607 /* AudioToolbox.framework in Frameworks */,
				185CD624186A2E3C00464607 /* AVFoundation.framework in Frameworks */,
				185CD5EE186A2C2B00464607 /* CoreGraphics.framework in Frameworks */,
				185CD5F0186A2C2B00464607 /* UIKit.framework in Frameworks */,
				185CD5EC186A2C2B00464607 /* Foundation.framework in Frameworks */,
			);
			runOnlyForDeploymentPostprocessing = 0;
		};
		185CD606186A2C2B00464607 /* Frameworks */ = {
			isa = PBXFrameworksBuildPhase;
			buildActionMask = 2147483647;
			files = (
				185CD60B186A2C2B00464607 /* XCTest.framework in Frameworks */,
				185CD60D186A2C2B00464607 /* UIKit.framework in Frameworks */,
				185CD60C186A2C2B00464607 /* Foundation.framework in Frameworks */,
			);
			runOnlyForDeploymentPostprocessing = 0;
		};
/* End PBXFrameworksBuildPhase section */

/* Begin PBXGroup section */
		185CD5DF186A2C2B00464607 = {
			isa = PBXGroup;
			children = (
				185CD5F1186A2C2B00464607 /* GoogleTTS */,
				185CD610186A2C2B00464607 /* GoogleTTSTests */,
				185CD5EA186A2C2B00464607 /* Frameworks */,
				185CD5E9186A2C2B00464607 /* Products */,
			);
			sourceTree = "<group>";
		};
		185CD5E9186A2C2B00464607 /* Products */ = {
			isa = PBXGroup;
			children = (
				185CD5E8186A2C2B00464607 /* GoogleTTS.app */,
				185CD609186A2C2B00464607 /* GoogleTTSTests.xctest */,
			);
			name = Products;
			sourceTree = "<group>";
		};
		185CD5EA186A2C2B00464607 /* Frameworks */ = {
			isa = PBXGroup;
			children = (
				185CD625186A337A00464607 /* AudioToolbox.framework */,
				185CD623186A2E3C00464607 /* AVFoundation.framework */,
				185CD5EB186A2C2B00464607 /* Foundation.framework */,
				185CD5ED186A2C2B00464607 /* CoreGraphics.framework */,
				185CD5EF186A2C2B00464607 /* UIKit.framework */,
				185CD60A186A2C2B00464607 /* XCTest.framework */,
			);
			name = Frameworks;
			sourceTree = "<group>";
		};
		185CD5F1186A2C2B00464607 /* GoogleTTS */ = {
			isa = PBXGroup;
			children = (
				18854C63186A34E200FDB337 /* GoogleTTS.h */,
				18854C64186A34E200FDB337 /* GoogleTTS.m */,
				185CD5FA186A2C2B00464607 /* AppDelegate.h */,
				185CD5FB186A2C2B00464607 /* AppDelegate.m */,
				185CD5FD186A2C2B00464607 /* Main.storyboard */,
				185CD600186A2C2B00464607 /* GoogleTTSExample.h */,
				185CD601186A2C2B00464607 /* GoogleTTSExample.m */,
				185CD603186A2C2B00464607 /* Images.xcassets */,
				185CD5F2186A2C2B00464607 /* Supporting Files */,
			);
			path = GoogleTTS;
			sourceTree = "<group>";
		};
		185CD5F2186A2C2B00464607 /* Supporting Files */ = {
			isa = PBXGroup;
			children = (
				185CD5F3186A2C2B00464607 /* GoogleTTS-Info.plist */,
				185CD5F4186A2C2B00464607 /* InfoPlist.strings */,
				185CD5F7186A2C2B00464607 /* main.m */,
				185CD5F9186A2C2B00464607 /* GoogleTTS-Prefix.pch */,
			);
			name = "Supporting Files";
			sourceTree = "<group>";
		};
		185CD610186A2C2B00464607 /* GoogleTTSTests */ = {
			isa = PBXGroup;
			children = (
				185CD616186A2C2B00464607 /* GoogleTTSTests.m */,
				185CD611186A2C2B00464607 /* Supporting Files */,
			);
			path = GoogleTTSTests;
			sourceTree = "<group>";
		};
		185CD611186A2C2B00464607 /* Supporting Files */ = {
			isa = PBXGroup;
			children = (
				185CD612186A2C2B00464607 /* GoogleTTSTests-Info.plist */,
				185CD613186A2C2B00464607 /* InfoPlist.strings */,
			);
			name = "Supporting Files";
			sourceTree = "<group>";
		};
/* End PBXGroup section */

/* Begin PBXNativeTarget section */
		185CD5E7186A2C2B00464607 /* GoogleTTS */ = {
			isa = PBXNativeTarget;
			buildConfigurationList = 185CD61A186A2C2B00464607 /* Build configuration list for PBXNativeTarget "GoogleTTS" */;
			buildPhases = (
				185CD5E4186A2C2B00464607 /* Sources */,
				185CD5E5186A2C2B00464607 /* Frameworks */,
				185CD5E6186A2C2B00464607 /* Resources */,
			);
			buildRules = (
			);
			dependencies = (
			);
			name = GoogleTTS;
			productName = GoogleTTS;
			productReference = 185CD5E8186A2C2B00464607 /* GoogleTTS.app */;
			productType = "com.apple.product-type.application";
		};
		185CD608186A2C2B00464607 /* GoogleTTSTests */ = {
			isa = PBXNativeTarget;
			buildConfigurationList = 185CD61D186A2C2B00464607 /* Build configuration list for PBXNativeTarget "GoogleTTSTests" */;
			buildPhases = (
				185CD605186A2C2B00464607 /* Sources */,
				185CD606186A2C2B00464607 /* Frameworks */,
				185CD607186A2C2B00464607 /* Resources */,
			);
			buildRules = (
			);
			dependencies = (
				185CD60F186A2C2B00464607 /* PBXTargetDependency */,
			);
			name = GoogleTTSTests;
			productName = GoogleTTSTests;
			productReference = 185CD609186A2C2B00464607 /* GoogleTTSTests.xctest */;
			productType = "com.apple.product-type.bundle.unit-test";
		};
/* End PBXNativeTarget section */

/* Begin PBXProject section */
		185CD5E0186A2C2B00464607 /* Project object */ = {
			isa = PBXProject;
			attributes = {
				LastUpgradeCheck = 0500;
				ORGANIZATIONNAME = "RJVK Productions";
				TargetAttributes = {
					185CD608186A2C2B00464607 = {
						TestTargetID = 185CD5E7186A2C2B00464607;
					};
				};
			};
			buildConfigurationList = 185CD5E3186A2C2B00464607 /* Build configuration list for PBXProject "GoogleTTS" */;
			compatibilityVersion = "Xcode 3.2";
			developmentRegion = English;
			hasScannedForEncodings = 0;
			knownRegions = (
				en,
				Base,
			);
			mainGroup = 185CD5DF186A2C2B00464607;
			productRefGroup = 185CD5E9186A2C2B00464607 /* Products */;
			projectDirPath = "";
			projectRoot = "";
			targets = (
				185CD5E7186A2C2B00464607 /* GoogleTTS */,
				185CD608186A2C2B00464607 /* GoogleTTSTests */,
			);
		};
/* End PBXProject section */

/* Begin PBXResourcesBuildPhase section */
		185CD5E6186A2C2B00464607 /* Resources */ = {
			isa = PBXResourcesBuildPhase;
			buildActionMask = 2147483647;
			files = (
				185CD604186A2C2B00464607 /* Images.xcassets in Resources */,
				185CD5F6186A2C2B00464607 /* InfoPlist.strings in Resources */,
				185CD5FF186A2C2B00464607 /* Main.storyboard in Resources */,
			);
			runOnlyForDeploymentPostprocessing = 0;
		};
		185CD607186A2C2B00464607 /* Resources */ = {
			isa = PBXResourcesBuildPhase;
			buildActionMask = 2147483647;
			files = (
				185CD615186A2C2B00464607 /* InfoPlist.strings in Resources */,
			);
			runOnlyForDeploymentPostprocessing = 0;
		};
/* End PBXResourcesBuildPhase section */

/* Begin PBXSourcesBuildPhase section */
		185CD5E4186A2C2B00464607 /* Sources */ = {
			isa = PBXSourcesBuildPhase;
			buildActionMask = 2147483647;
			files = (
				185CD602186A2C2B00464607 /* GoogleTTSExample.m in Sources */,
				185CD5FC186A2C2B00464607 /* AppDelegate.m in Sources */,
				18854C65186A34E200FDB337 /* GoogleTTS.m in Sources */,
				185CD5F8186A2C2B00464607 /* main.m in Sources */,
			);
			runOnlyForDeploymentPostprocessing = 0;
		};
		185CD605186A2C2B00464607 /* Sources */ = {
			isa = PBXSourcesBuildPhase;
			buildActionMask = 2147483647;
			files = (
				185CD617186A2C2B00464607 /* GoogleTTSTests.m in Sources */,
			);
			runOnlyForDeploymentPostprocessing = 0;
		};
/* End PBXSourcesBuildPhase section */

/* Begin PBXTargetDependency section */
		185CD60F186A2C2B00464607 /* PBXTargetDependency */ = {
			isa = PBXTargetDependency;
			target = 185CD5E7186A2C2B00464607 /* GoogleTTS */;
			targetProxy = 185CD60E186A2C2B00464607 /* PBXContainerItemProxy */;
		};
/* End PBXTargetDependency section */

/* Begin PBXVariantGroup section */
		185CD5F4186A2C2B00464607 /* InfoPlist.strings */ = {
			isa = PBXVariantGroup;
			children = (
				185CD5F5186A2C2B00464607 /* en */,
			);
			name = InfoPlist.strings;
			sourceTree = "<group>";
		};
		185CD5FD186A2C2B00464607 /* Main.storyboard */ = {
			isa = PBXVariantGroup;
			children = (
				185CD5FE186A2C2B00464607 /* Base */,
			);
			name = Main.storyboard;
			sourceTree = "<group>";
		};
		185CD613186A2C2B00464607 /* InfoPlist.strings */ = {
			isa = PBXVariantGroup;
			children = (
				185CD614186A2C2B00464607 /* en */,
			);
			name = InfoPlist.strings;
			sourceTree = "<group>";
		};
/* End PBXVariantGroup section */

/* Begin XCBuildConfiguration section */
		185CD618186A2C2B00464607 /* Debug */ = {
			isa = XCBuildConfiguration;
			buildSettings = {
				ALWAYS_SEARCH_USER_PATHS = NO;
				ARCHS = "$(ARCHS_STANDARD_INCLUDING_64_BIT)";
				CLANG_CXX_LANGUAGE_STANDARD = "gnu++0x";
				CLANG_CXX_LIBRARY = "libc++";
				CLANG_ENABLE_MODULES = YES;
				CLANG_ENABLE_OBJC_ARC = YES;
				CLANG_WARN_BOOL_CONVERSION = YES;
				CLANG_WARN_CONSTANT_CONVERSION = YES;
				CLANG_WARN_DIRECT_OBJC_ISA_USAGE = YES_ERROR;
				CLANG_WARN_EMPTY_BODY = YES;
				CLANG_WARN_ENUM_CONVERSION = YES;
				CLANG_WARN_INT_CONVERSION = YES;
				CLANG_WARN_OBJC_ROOT_CLASS = YES_ERROR;
				CLANG_WARN__DUPLICATE_METHOD_MATCH = YES;
				"CODE_SIGN_IDENTITY[sdk=iphoneos*]" = "iPhone Developer";
				COPY_PHASE_STRIP = NO;
				GCC_C_LANGUAGE_STANDARD = gnu99;
				GCC_DYNAMIC_NO_PIC = NO;
				GCC_OPTIMIZATION_LEVEL = 0;
				GCC_PREPROCESSOR_DEFINITIONS = (
					"DEBUG=1",
					"$(inherited)",
				);
				GCC_SYMBOLS_PRIVATE_EXTERN = NO;
				GCC_WARN_64_TO_32_BIT_CONVERSION = YES;
				GCC_WARN_ABOUT_RETURN_TYPE = YES_ERROR;
				GCC_WARN_UNDECLARED_SELECTOR = YES;
				GCC_WARN_UNINITIALIZED_AUTOS = YES;
				GCC_WARN_UNUSED_FUNCTION = YES;
				GCC_WARN_UNUSED_VARIABLE = YES;
				IPHONEOS_DEPLOYMENT_TARGET = 7.0;
				ONLY_ACTIVE_ARCH = YES;
				SDKROOT = iphoneos;
			};
			name = Debug;
		};
		185CD619186A2C2B00464607 /* Release */ = {
			isa = XCBuildConfiguration;
			buildSettings = {
				ALWAYS_SEARCH_USER_PATHS = NO;
				ARCHS = "$(ARCHS_STANDARD_INCLUDING_64_BIT)";
				CLANG_CXX_LANGUAGE_STANDARD = "gnu++0x";
				CLANG_CXX_LIBRARY = "libc++";
				CLANG_ENABLE_MODULES = YES;
				CLANG_ENABLE_OBJC_ARC = YES;
				CLANG_WARN_BOOL_CONVERSION = YES;
				CLANG_WARN_CONSTANT_CONVERSION = YES;
				CLANG_WARN_DIRECT_OBJC_ISA_USAGE = YES_ERROR;
				CLANG_WARN_EMPTY_BODY = YES;
				CLANG_WARN_ENUM_CONVERSION = YES;
				CLANG_WARN_INT_CONVERSION = YES;
				CLANG_WARN_OBJC_ROOT_CLASS = YES_ERROR;
				CLANG_WARN__DUPLICATE_METHOD_MATCH = YES;
				"CODE_SIGN_IDENTITY[sdk=iphoneos*]" = "iPhone Developer";
				COPY_PHASE_STRIP = YES;
				ENABLE_NS_ASSERTIONS = NO;
				GCC_C_LANGUAGE_STANDARD = gnu99;
				GCC_WARN_64_TO_32_BIT_CONVERSION = YES;
				GCC_WARN_ABOUT_RETURN_TYPE = YES_ERROR;
				GCC_WARN_UNDECLARED_SELECTOR = YES;
				GCC_WARN_UNINITIALIZED_AUTOS = YES;
				GCC_WARN_UNUSED_FUNCTION = YES;
				GCC_WARN_UNUSED_VARIABLE = YES;
				IPHONEOS_DEPLOYMENT_TARGET = 7.0;
				SDKROOT = iphoneos;
				VALIDATE_PRODUCT = YES;
			};
			name = Release;
		};
		185CD61B186A2C2B00464607 /* Debug */ = {
			isa = XCBuildConfiguration;
			buildSettings = {
				ASSETCATALOG_COMPILER_APPICON_NAME = AppIcon;
				ASSETCATALOG_COMPILER_LAUNCHIMAGE_NAME = LaunchImage;
				GCC_PRECOMPILE_PREFIX_HEADER = YES;
				GCC_PREFIX_HEADER = "GoogleTTS/GoogleTTS-Prefix.pch";
				INFOPLIST_FILE = "GoogleTTS/GoogleTTS-Info.plist";
				PRODUCT_NAME = "$(TARGET_NAME)";
				WRAPPER_EXTENSION = app;
			};
			name = Debug;
		};
		185CD61C186A2C2B00464607 /* Release */ = {
			isa = XCBuildConfiguration;
			buildSettings = {
				ASSETCATALOG_COMPILER_APPICON_NAME = AppIcon;
				ASSETCATALOG_COMPILER_LAUNCHIMAGE_NAME = LaunchImage;
				GCC_PRECOMPILE_PREFIX_HEADER = YES;
				GCC_PREFIX_HEADER = "GoogleTTS/GoogleTTS-Prefix.pch";
				INFOPLIST_FILE = "GoogleTTS/GoogleTTS-Info.plist";
				PRODUCT_NAME = "$(TARGET_NAME)";
				WRAPPER_EXTENSION = app;
			};
			name = Release;
		};
		185CD61E186A2C2B00464607 /* Debug */ = {
			isa = XCBuildConfiguration;
			buildSettings = {
				ARCHS = "$(ARCHS_STANDARD_INCLUDING_64_BIT)";
				BUNDLE_LOADER = "$(BUILT_PRODUCTS_DIR)/GoogleTTS.app/GoogleTTS";
				FRAMEWORK_SEARCH_PATHS = (
					"$(SDKROOT)/Developer/Library/Frameworks",
					"$(inherited)",
					"$(DEVELOPER_FRAMEWORKS_DIR)",
				);
				GCC_PRECOMPILE_PREFIX_HEADER = YES;
				GCC_PREFIX_HEADER = "GoogleTTS/GoogleTTS-Prefix.pch";
				GCC_PREPROCESSOR_DEFINITIONS = (
					"DEBUG=1",
					"$(inherited)",
				);
				INFOPLIST_FILE = "GoogleTTSTests/GoogleTTSTests-Info.plist";
				PRODUCT_NAME = "$(TARGET_NAME)";
				TEST_HOST = "$(BUNDLE_LOADER)";
				WRAPPER_EXTENSION = xctest;
			};
			name = Debug;
		};
		185CD61F186A2C2B00464607 /* Release */ = {
			isa = XCBuildConfiguration;
			buildSettings = {
				ARCHS = "$(ARCHS_STANDARD_INCLUDING_64_BIT)";
				BUNDLE_LOADER = "$(BUILT_PRODUCTS_DIR)/GoogleTTS.app/GoogleTTS";
				FRAMEWORK_SEARCH_PATHS = (
					"$(SDKROOT)/Developer/Library/Frameworks",
					"$(inherited)",
					"$(DEVELOPER_FRAMEWORKS_DIR)",
				);
				GCC_PRECOMPILE_PREFIX_HEADER = YES;
				GCC_PREFIX_HEADER = "GoogleTTS/GoogleTTS-Prefix.pch";
				INFOPLIST_FILE = "GoogleTTSTests/GoogleTTSTests-Info.plist";
				PRODUCT_NAME = "$(TARGET_NAME)";
				TEST_HOST = "$(BUNDLE_LOADER)";
				WRAPPER_EXTENSION = xctest;
			};
			name = Release;
		};
/* End XCBuildConfiguration section */

/* Begin XCConfigurationList section */
		185CD5E3186A2C2B00464607 /* Build configuration list for PBXProject "GoogleTTS" */ = {
			isa = XCConfigurationList;
			buildConfigurations = (
				185CD618186A2C2B00464607 /* Debug */,
				185CD619186A2C2B00464607 /* Release */,
			);
			defaultConfigurationIsVisible = 0;
			defaultConfigurationName = Release;
		};
		185CD61A186A2C2B00464607 /* Build configuration list for PBXNativeTarget "GoogleTTS" */ = {
			isa = XCConfigurationList;
			buildConfigurations = (
				185CD61B186A2C2B00464607 /* Debug */,
				185CD61C186A2C2B00464607 /* Release */,
			);
			defaultConfigurationIsVisible = 0;
			defaultConfigurationName = Release;
		};
		185CD61D186A2C2B00464607 /* Build configuration list for PBXNativeTarget "GoogleTTSTests" */ = {
			isa = XCConfigurationList;
			buildConfigurations = (
				185CD61E186A2C2B00464607 /* Debug */,
				185CD61F186A2C2B00464607 /* Release */,
			);
			defaultConfigurationIsVisible = 0;
			defaultConfigurationName = Release;
		};
/* End XCConfigurationList section */
	};
	rootObject = 185CD5E0186A2C2B00464607 /* Project object */;
}
